
Microsoft Visual Studio Solution File, Format Version 12.00
# Visual Studio 14
VisualStudioVersion = 14.0.25420.1
MinimumVisualStudioVersion = 10.0.40219.1
Project("{FAE04EC0-301F-11D3-BF4B-00C04F79EFBC}") = "Delegate_Example", "Section_1\Delegate_Example.csproj", "{BF24FFE8-16C7-4A18-B93F-1B3EA687C958}"
EndProject
Project("{FAE04EC0-301F-11D3-BF4B-00C04F79EFBC}") = "DentalPaymentApplication", "DentalPaymentApplication\DentalPaymentApplication.csproj", "{2713F8DE-A935-41F8-9D2F-AD28A6D458EC}"
EndProject
Project("{FAE04EC0-301F-11D3-BF4B-00C04F79EFBC}") = "SecurityPanel", "SecurityPanel\SecurityPanel.csproj", "{CD06ABD1-799F-4CA9-83CE-575B077CF9B0}"
EndProject
Project("{FAE04EC0-301F-11D3-BF4B-00C04F79EFBC}") = "Sort_Collection_Example", "ConsoleApplication1\Sort_Collection_Example.csproj", "{469A0A56-1B24-4655-AD58-AD5A5FABBA35}"
EndProject
Project("{FAE04EC0-301F-11D3-BF4B-00C04F79EFBC}") = "Event_Clock_Example", "Event_Clock_Example\Event_Clock_Example.csproj", "{A7E64EBA-335F-4038-B0AD-1D515348E915}"
EndProject
Project("{FAE04EC0-301F-11D3-BF4B-00C04F79EFBC}") = "E-Order Application", "E-Order Application\E-Order Application.csproj", "{848333CC-6052-4793-8D5E-01402172B9BD}"
EndProject
Project("{FAE04EC0-301F-11D3-BF4B-00C04F79EFBC}") = "StudentManaging", "StudentManaging\StudentManaging.csproj", "{264636D4-B296-481F-8235-8DF6D0386383}"
EndProject
Project("{FAE04EC0-301F-11D3-BF4B-00C04F79EFBC}") = "QuanLySinhVien", "QuanLySinhVien\QuanLySinhVien.csproj", "{08CD68FF-BE2E-4BAE-8E9C-8C49A7C0E321}"
EndProject
Project("{FAE04EC0-301F-11D3-BF4B-00C04F79EFBC}") = "StudentManagingVer2", "StudentManagingVer2\StudentManagingVer2.csproj", "{396C596A-69EA-43B8-9D71-3D87F5D425D7}"
EndProject
Project("{FAE04EC0-301F-11D3-BF4B-00C04F79EFBC}") = "StudentManaging3LayersDemo", "StudentManaging3LayersDemo\StudentManaging3LayersDemo.csproj", "{40129566-FA52-4EAC-8273-C263B9CFD768}"
EndProject
Project("{FAE04EC0-301F-11D3-BF4B-00C04F79EFBC}") = "QuanLyDoAnSinhVien", "QuanLyDoAnSinhVien\QuanLyDoAnSinhVien.csproj", "{6C096565-34C9-40DB-8283-9906A6940A1C}"
EndProject
Project("{FAE04EC0-301F-11D3-BF4B-00C04F79EFBC}") = "LINQ_Demo", "LINQ_Demo\LINQ_Demo.csproj", "{5EEDB68A-ECBE-484D-ACE2-42395C243783}"
EndProject
Project("{FAE04EC0-301F-11D3-BF4B-00C04F79EFBC}") = "QLSV_LINQ_Demo", "QLSV_LINQ_Demo\QLSV_LINQ_Demo.csproj", "{94B5B04B-279D-4F94-822B-E883982C9E3F}"
EndProject
Global
	GlobalSection(SolutionConfigurationPlatforms) = preSolution
		Debug|Any CPU = Debug|Any CPU
		Release|Any CPU = Release|Any CPU
	EndGlobalSection
	GlobalSection(ProjectConfigurationPlatforms) = postSolution
		{BF24FFE8-16C7-4A18-B93F-1B3EA687C958}.Debug|Any CPU.ActiveCfg = Debug|Any CPU
		{BF24FFE8-16C7-4A18-B93F-1B3EA687C958}.Debug|Any CPU.Build.0 = Debug|Any CPU
		{BF24FFE8-16C7-4A18-B93F-1B3EA687C958}.Release|Any CPU.ActiveCfg = Release|Any CPU
		{BF24FFE8-16C7-4A18-B93F-1B3EA687C958}.Release|Any CPU.Build.0 = Release|Any CPU
		{2713F8DE-A935-41F8-9D2F-AD28A6D458EC}.Debug|Any CPU.ActiveCfg = Debug|Any CPU
		{2713F8DE-A935-41F8-9D2F-AD28A6D458EC}.Debug|Any CPU.Build.0 = Debug|Any CPU
		{2713F8DE-A935-41F8-9D2F-AD28A6D458EC}.Release|Any CPU.ActiveCfg = Release|Any CPU
		{2713F8DE-A935-41F8-9D2F-AD28A6D458EC}.Release|Any CPU.Build.0 = Release|Any CPU
		{CD06ABD1-799F-4CA9-83CE-575B077CF9B0}.Debug|Any CPU.ActiveCfg = Debug|Any CPU
		{CD06ABD1-799F-4CA9-83CE-575B077CF9B0}.Debug|Any CPU.Build.0 = Debug|Any CPU
		{CD06ABD1-799F-4CA9-83CE-575B077CF9B0}.Release|Any CPU.ActiveCfg = Release|Any CPU
		{CD06ABD1-799F-4CA9-83CE-575B077CF9B0}.Release|Any CPU.Build.0 = Release|Any CPU
		{469A0A56-1B24-4655-AD58-AD5A5FABBA35}.Debug|Any CPU.ActiveCfg = Debug|Any CPU
		{469A0A56-1B24-4655-AD58-AD5A5FABBA35}.Debug|Any CPU.Build.0 = Debug|Any CPU
		{469A0A56-1B24-4655-AD58-AD5A5FABBA35}.Release|Any CPU.ActiveCfg = Release|Any CPU
		{469A0A56-1B24-4655-AD58-AD5A5FABBA35}.Release|Any CPU.Build.0 = Release|Any CPU
		{A7E64EBA-335F-4038-B0AD-1D515348E915}.Debug|Any CPU.ActiveCfg = Debug|Any CPU
		{A7E64EBA-335F-4038-B0AD-1D515348E915}.Debug|Any CPU.Build.0 = Debug|Any CPU
		{A7E64EBA-335F-4038-B0AD-1D515348E915}.Release|Any CPU.ActiveCfg = Release|Any CPU
		{A7E64EBA-335F-4038-B0AD-1D515348E915}.Release|Any CPU.Build.0 = Release|Any CPU
		{848333CC-6052-4793-8D5E-01402172B9BD}.Debug|Any CPU.ActiveCfg = Debug|Any CPU
		{848333CC-6052-4793-8D5E-01402172B9BD}.Debug|Any CPU.Build.0 = Debug|Any CPU
		{848333CC-6052-4793-8D5E-01402172B9BD}.Release|Any CPU.ActiveCfg = Release|Any CPU
		{848333CC-6052-4793-8D5E-01402172B9BD}.Release|Any CPU.Build.0 = Release|Any CPU
		{264636D4-B296-481F-8235-8DF6D0386383}.Debug|Any CPU.ActiveCfg = Debug|Any CPU
		{264636D4-B296-481F-8235-8DF6D0386383}.Debug|Any CPU.Build.0 = Debug|Any CPU
		{264636D4-B296-481F-8235-8DF6D0386383}.Release|Any CPU.ActiveCfg = Release|Any CPU
		{264636D4-B296-481F-8235-8DF6D0386383}.Release|Any CPU.Build.0 = Release|Any CPU
		{08CD68FF-BE2E-4BAE-8E9C-8C49A7C0E321}.Debug|Any CPU.ActiveCfg = Debug|Any CPU
		{08CD68FF-BE2E-4BAE-8E9C-8C49A7C0E321}.Debug|Any CPU.Build.0 = Debug|Any CPU
		{08CD68FF-BE2E-4BAE-8E9C-8C49A7C0E321}.Release|Any CPU.ActiveCfg = Release|Any CPU
		{08CD68FF-BE2E-4BAE-8E9C-8C49A7C0E321}.Release|Any CPU.Build.0 = Release|Any CPU
		{396C596A-69EA-43B8-9D71-3D87F5D425D7}.Debug|Any CPU.ActiveCfg = Debug|Any CPU
		{396C596A-69EA-43B8-9D71-3D87F5D425D7}.Debug|Any CPU.Build.0 = Debug|Any CPU
		{396C596A-69EA-43B8-9D71-3D87F5D425D7}.Release|Any CPU.ActiveCfg = Release|Any CPU
		{396C596A-69EA-43B8-9D71-3D87F5D425D7}.Release|Any CPU.Build.0 = Release|Any CPU
		{40129566-FA52-4EAC-8273-C263B9CFD768}.Debug|Any CPU.ActiveCfg = Debug|Any CPU
		{40129566-FA52-4EAC-8273-C263B9CFD768}.Debug|Any CPU.Build.0 = Debug|Any CPU
		{40129566-FA52-4EAC-8273-C263B9CFD768}.Release|Any CPU.ActiveCfg = Release|Any CPU
		{40129566-FA52-4EAC-8273-C263B9CFD768}.Release|Any CPU.Build.0 = Release|Any CPU
		{6C096565-34C9-40DB-8283-9906A6940A1C}.Debug|Any CPU.ActiveCfg = Debug|Any CPU
		{6C096565-34C9-40DB-8283-9906A6940A1C}.Debug|Any CPU.Build.0 = Debug|Any CPU
		{6C096565-34C9-40DB-8283-9906A6940A1C}.Release|Any CPU.ActiveCfg = Release|Any CPU
		{6C096565-34C9-40DB-8283-9906A6940A1C}.Release|Any CPU.Build.0 = Release|Any CPU
		{5EEDB68A-ECBE-484D-ACE2-42395C243783}.Debug|Any CPU.ActiveCfg = Debug|Any CPU
		{5EEDB68A-ECBE-484D-ACE2-42395C243783}.Debug|Any CPU.Build.0 = Debug|Any CPU
		{5EEDB68A-ECBE-484D-ACE2-42395C243783}.Release|Any CPU.ActiveCfg = Release|Any CPU
		{5EEDB68A-ECBE-484D-ACE2-42395C243783}.Release|Any CPU.Build.0 = Release|Any CPU
		{94B5B04B-279D-4F94-822B-E883982C9E3F}.Debug|Any CPU.ActiveCfg = Debug|Any CPU
		{94B5B04B-279D-4F94-822B-E883982C9E3F}.Debug|Any CPU.Build.0 = Debug|Any CPU
		{94B5B04B-279D-4F94-822B-E883982C9E3F}.Release|Any CPU.ActiveCfg = Release|Any CPU
		{94B5B04B-279D-4F94-822B-E883982C9E3F}.Release|Any CPU.Build.0 = Release|Any CPU
	EndGlobalSection
	GlobalSection(SolutionProperties) = preSolution
		HideSolutionNode = FALSE
	EndGlobalSection
EndGlobal
